
Microsoft Visual Studio Solution File, Format Version 12.00
# Visual Studio Version 17
VisualStudioVersion = 17.0.31903.59
MinimumVisualStudioVersion = 10.0.40219.1
Project("{2150E333-8FDC-42A3-9474-1A3956D46DE8}") = "tests", "tests", "{0AB3BF05-4346-4AA6-1389-037BE0695223}"
EndProject
Project("{FAE04EC0-301F-11D3-BF4B-00C04F79EFBC}") = "UrlShortener.Tests", "tests\UrlShortener.Tests\UrlShortener.Tests.csproj", "{8A66C5FD-86AD-4705-AF0A-241F95F49C5C}"
EndProject
Project("{2150E333-8FDC-42A3-9474-1A3956D46DE8}") = "src", "src", "{827E0CD3-B72D-47B6-A68D-7590B98EB39B}"
EndProject
Project("{FAE04EC0-301F-11D3-BF4B-00C04F79EFBC}") = "UrlShortener.Core", "src\UrlShortener.Core\UrlShortener.Core.csproj", "{3A0C44EB-3B28-48F2-B930-AAE4BAB5E0DC}"
EndProject
Project("{FAE04EC0-301F-11D3-BF4B-00C04F79EFBC}") = "UrlShortener.Infrastructure", "src\UrlShortener.Infrastructure\UrlShortener.Infrastructure.csproj", "{1E7482A4-50AC-4E02-98A9-46AF94C104C7}"
EndProject
Project("{FAE04EC0-301F-11D3-BF4B-00C04F79EFBC}") = "UrlShortener.Api", "src\UrlShortener.Api\UrlShortener.Api.csproj", "{A6C6D406-C70D-48D4-8101-84D00199CCBB}"
EndProject
Project("{FAE04EC0-301F-11D3-BF4B-00C04F79EFBC}") = "Orchestrator.Core", "src\Orchestrator.Core\Orchestrator.Core.csproj", "{77704593-5017-4614-A955-C98D7B20A686}"
EndProject
Project("{FAE04EC0-301F-11D3-BF4B-00C04F79EFBC}") = "Orchestrator.Infrastructure", "src\Orchestrator.Infrastructure\Orchestrator.Infrastructure.csproj", "{1151B287-A154-49C1-BEFE-75348769224B}"
EndProject
Project("{FAE04EC0-301F-11D3-BF4B-00C04F79EFBC}") = "Orchestrator.Cli", "src\Orchestrator.Cli\Orchestrator.Cli.csproj", "{25A63EDD-C9E6-4675-B5BC-1B21A34ED243}"
EndProject
Project("{FAE04EC0-301F-11D3-BF4B-00C04F79EFBC}") = "Orchestrator.Tests", "tests\Orchestrator.Tests\Orchestrator.Tests.csproj", "{5E34C6EA-E835-4223-A5DB-EDD87FE217F0}"
EndProject
Global
	GlobalSection(SolutionConfigurationPlatforms) = preSolution
		Debug|Any CPU = Debug|Any CPU
		Debug|x64 = Debug|x64
		Debug|x86 = Debug|x86
		Release|Any CPU = Release|Any CPU
		Release|x64 = Release|x64
		Release|x86 = Release|x86
	EndGlobalSection
	GlobalSection(ProjectConfigurationPlatforms) = postSolution
		{8A66C5FD-86AD-4705-AF0A-241F95F49C5C}.Debug|Any CPU.ActiveCfg = Debug|Any CPU
		{8A66C5FD-86AD-4705-AF0A-241F95F49C5C}.Debug|Any CPU.Build.0 = Debug|Any CPU
		{8A66C5FD-86AD-4705-AF0A-241F95F49C5C}.Debug|x64.ActiveCfg = Debug|Any CPU
		{8A66C5FD-86AD-4705-AF0A-241F95F49C5C}.Debug|x64.Build.0 = Debug|Any CPU
		{8A66C5FD-86AD-4705-AF0A-241F95F49C5C}.Debug|x86.ActiveCfg = Debug|Any CPU
		{8A66C5FD-86AD-4705-AF0A-241F95F49C5C}.Debug|x86.Build.0 = Debug|Any CPU
		{8A66C5FD-86AD-4705-AF0A-241F95F49C5C}.Release|Any CPU.ActiveCfg = Release|Any CPU
		{8A66C5FD-86AD-4705-AF0A-241F95F49C5C}.Release|Any CPU.Build.0 = Release|Any CPU
		{8A66C5FD-86AD-4705-AF0A-241F95F49C5C}.Release|x64.ActiveCfg = Release|Any CPU
		{8A66C5FD-86AD-4705-AF0A-241F95F49C5C}.Release|x64.Build.0 = Release|Any CPU
		{8A66C5FD-86AD-4705-AF0A-241F95F49C5C}.Release|x86.ActiveCfg = Release|Any CPU
		{8A66C5FD-86AD-4705-AF0A-241F95F49C5C}.Release|x86.Build.0 = Release|Any CPU
		{3A0C44EB-3B28-48F2-B930-AAE4BAB5E0DC}.Debug|Any CPU.ActiveCfg = Debug|Any CPU
		{3A0C44EB-3B28-48F2-B930-AAE4BAB5E0DC}.Debug|Any CPU.Build.0 = Debug|Any CPU
		{3A0C44EB-3B28-48F2-B930-AAE4BAB5E0DC}.Debug|x64.ActiveCfg = Debug|Any CPU
		{3A0C44EB-3B28-48F2-B930-AAE4BAB5E0DC}.Debug|x64.Build.0 = Debug|Any CPU
		{3A0C44EB-3B28-48F2-B930-AAE4BAB5E0DC}.Debug|x86.ActiveCfg = Debug|Any CPU
		{3A0C44EB-3B28-48F2-B930-AAE4BAB5E0DC}.Debug|x86.Build.0 = Debug|Any CPU
		{3A0C44EB-3B28-48F2-B930-AAE4BAB5E0DC}.Release|Any CPU.ActiveCfg = Release|Any CPU
		{3A0C44EB-3B28-48F2-B930-AAE4BAB5E0DC}.Release|Any CPU.Build.0 = Release|Any CPU
		{3A0C44EB-3B28-48F2-B930-AAE4BAB5E0DC}.Release|x64.ActiveCfg = Release|Any CPU
		{3A0C44EB-3B28-48F2-B930-AAE4BAB5E0DC}.Release|x64.Build.0 = Release|Any CPU
		{3A0C44EB-3B28-48F2-B930-AAE4BAB5E0DC}.Release|x86.ActiveCfg = Release|Any CPU
		{3A0C44EB-3B28-48F2-B930-AAE4BAB5E0DC}.Release|x86.Build.0 = Release|Any CPU
		{1E7482A4-50AC-4E02-98A9-46AF94C104C7}.Debug|Any CPU.ActiveCfg = Debug|Any CPU
		{1E7482A4-50AC-4E02-98A9-46AF94C104C7}.Debug|Any CPU.Build.0 = Debug|Any CPU
		{1E7482A4-50AC-4E02-98A9-46AF94C104C7}.Debug|x64.ActiveCfg = Debug|Any CPU
		{1E7482A4-50AC-4E02-98A9-46AF94C104C7}.Debug|x64.Build.0 = Debug|Any CPU
		{1E7482A4-50AC-4E02-98A9-46AF94C104C7}.Debug|x86.ActiveCfg = Debug|Any CPU
		{1E7482A4-50AC-4E02-98A9-46AF94C104C7}.Debug|x86.Build.0 = Debug|Any CPU
		{1E7482A4-50AC-4E02-98A9-46AF94C104C7}.Release|Any CPU.ActiveCfg = Release|Any CPU
		{1E7482A4-50AC-4E02-98A9-46AF94C104C7}.Release|Any CPU.Build.0 = Release|Any CPU
		{1E7482A4-50AC-4E02-98A9-46AF94C104C7}.Release|x64.ActiveCfg = Release|Any CPU
		{1E7482A4-50AC-4E02-98A9-46AF94C104C7}.Release|x64.Build.0 = Release|Any CPU
		{1E7482A4-50AC-4E02-98A9-46AF94C104C7}.Release|x86.ActiveCfg = Release|Any CPU
		{1E7482A4-50AC-4E02-98A9-46AF94C104C7}.Release|x86.Build.0 = Release|Any CPU
		{A6C6D406-C70D-48D4-8101-84D00199CCBB}.Debug|Any CPU.ActiveCfg = Debug|Any CPU
		{A6C6D406-C70D-48D4-8101-84D00199CCBB}.Debug|Any CPU.Build.0 = Debug|Any CPU
		{A6C6D406-C70D-48D4-8101-84D00199CCBB}.Debug|x64.ActiveCfg = Debug|Any CPU
		{A6C6D406-C70D-48D4-8101-84D00199CCBB}.Debug|x64.Build.0 = Debug|Any CPU
		{A6C6D406-C70D-48D4-8101-84D00199CCBB}.Debug|x86.ActiveCfg = Debug|Any CPU
		{A6C6D406-C70D-48D4-8101-84D00199CCBB}.Debug|x86.Build.0 = Debug|Any CPU
		{A6C6D406-C70D-48D4-8101-84D00199CCBB}.Release|Any CPU.ActiveCfg = Release|Any CPU
		{A6C6D406-C70D-48D4-8101-84D00199CCBB}.Release|Any CPU.Build.0 = Release|Any CPU
		{A6C6D406-C70D-48D4-8101-84D00199CCBB}.Release|x64.ActiveCfg = Release|Any CPU
		{A6C6D406-C70D-48D4-8101-84D00199CCBB}.Release|x64.Build.0 = Release|Any CPU
		{A6C6D406-C70D-48D4-8101-84D00199CCBB}.Release|x86.ActiveCfg = Release|Any CPU
		{A6C6D406-C70D-48D4-8101-84D00199CCBB}.Release|x86.Build.0 = Release|Any CPU
		{77704593-5017-4614-A955-C98D7B20A686}.Debug|Any CPU.ActiveCfg = Debug|Any CPU
		{77704593-5017-4614-A955-C98D7B20A686}.Debug|Any CPU.Build.0 = Debug|Any CPU
		{77704593-5017-4614-A955-C98D7B20A686}.Debug|x64.ActiveCfg = Debug|Any CPU
		{77704593-5017-4614-A955-C98D7B20A686}.Debug|x64.Build.0 = Debug|Any CPU
		{77704593-5017-4614-A955-C98D7B20A686}.Debug|x86.ActiveCfg = Debug|Any CPU
		{77704593-5017-4614-A955-C98D7B20A686}.Debug|x86.Build.0 = Debug|Any CPU
		{77704593-5017-4614-A955-C98D7B20A686}.Release|Any CPU.ActiveCfg = Release|Any CPU
		{77704593-5017-4614-A955-C98D7B20A686}.Release|Any CPU.Build.0 = Release|Any CPU
		{77704593-5017-4614-A955-C98D7B20A686}.Release|x64.ActiveCfg = Release|Any CPU
		{77704593-5017-4614-A955-C98D7B20A686}.Release|x64.Build.0 = Release|Any CPU
		{77704593-5017-4614-A955-C98D7B20A686}.Release|x86.ActiveCfg = Release|Any CPU
		{77704593-5017-4614-A955-C98D7B20A686}.Release|x86.Build.0 = Release|Any CPU
		{1151B287-A154-49C1-BEFE-75348769224B}.Debug|Any CPU.ActiveCfg = Debug|Any CPU
		{1151B287-A154-49C1-BEFE-75348769224B}.Debug|Any CPU.Build.0 = Debug|Any CPU
		{1151B287-A154-49C1-BEFE-75348769224B}.Debug|x64.ActiveCfg = Debug|Any CPU
		{1151B287-A154-49C1-BEFE-75348769224B}.Debug|x64.Build.0 = Debug|Any CPU
		{1151B287-A154-49C1-BEFE-75348769224B}.Debug|x86.ActiveCfg = Debug|Any CPU
		{1151B287-A154-49C1-BEFE-75348769224B}.Debug|x86.Build.0 = Debug|Any CPU
		{1151B287-A154-49C1-BEFE-75348769224B}.Release|Any CPU.ActiveCfg = Release|Any CPU
		{1151B287-A154-49C1-BEFE-75348769224B}.Release|Any CPU.Build.0 = Release|Any CPU
		{1151B287-A154-49C1-BEFE-75348769224B}.Release|x64.ActiveCfg = Release|Any CPU
		{1151B287-A154-49C1-BEFE-75348769224B}.Release|x64.Build.0 = Release|Any CPU
		{1151B287-A154-49C1-BEFE-75348769224B}.Release|x86.ActiveCfg = Release|Any CPU
		{1151B287-A154-49C1-BEFE-75348769224B}.Release|x86.Build.0 = Release|Any CPU
		{25A63EDD-C9E6-4675-B5BC-1B21A34ED243}.Debug|Any CPU.ActiveCfg = Debug|Any CPU
		{25A63EDD-C9E6-4675-B5BC-1B21A34ED243}.Debug|Any CPU.Build.0 = Debug|Any CPU
		{25A63EDD-C9E6-4675-B5BC-1B21A34ED243}.Debug|x64.ActiveCfg = Debug|Any CPU
		{25A63EDD-C9E6-4675-B5BC-1B21A34ED243}.Debug|x64.Build.0 = Debug|Any CPU
		{25A63EDD-C9E6-4675-B5BC-1B21A34ED243}.Debug|x86.ActiveCfg = Debug|Any CPU
		{25A63EDD-C9E6-4675-B5BC-1B21A34ED243}.Debug|x86.Build.0 = Debug|Any CPU
		{25A63EDD-C9E6-4675-B5BC-1B21A34ED243}.Release|Any CPU.ActiveCfg = Release|Any CPU
		{25A63EDD-C9E6-4675-B5BC-1B21A34ED243}.Release|Any CPU.Build.0 = Release|Any CPU
		{25A63EDD-C9E6-4675-B5BC-1B21A34ED243}.Release|x64.ActiveCfg = Release|Any CPU
		{25A63EDD-C9E6-4675-B5BC-1B21A34ED243}.Release|x64.Build.0 = Release|Any CPU
		{25A63EDD-C9E6-4675-B5BC-1B21A34ED243}.Release|x86.ActiveCfg = Release|Any CPU
		{25A63EDD-C9E6-4675-B5BC-1B21A34ED243}.Release|x86.Build.0 = Release|Any CPU
		{5E34C6EA-E835-4223-A5DB-EDD87FE217F0}.Debug|Any CPU.ActiveCfg = Debug|Any CPU
		{5E34C6EA-E835-4223-A5DB-EDD87FE217F0}.Debug|Any CPU.Build.0 = Debug|Any CPU
		{5E34C6EA-E835-4223-A5DB-EDD87FE217F0}.Debug|x64.ActiveCfg = Debug|Any CPU
		{5E34C6EA-E835-4223-A5DB-EDD87FE217F0}.Debug|x64.Build.0 = Debug|Any CPU
		{5E34C6EA-E835-4223-A5DB-EDD87FE217F0}.Debug|x86.ActiveCfg = Debug|Any CPU
		{5E34C6EA-E835-4223-A5DB-EDD87FE217F0}.Debug|x86.Build.0 = Debug|Any CPU
		{5E34C6EA-E835-4223-A5DB-EDD87FE217F0}.Release|Any CPU.ActiveCfg = Release|Any CPU
		{5E34C6EA-E835-4223-A5DB-EDD87FE217F0}.Release|Any CPU.Build.0 = Release|Any CPU
		{5E34C6EA-E835-4223-A5DB-EDD87FE217F0}.Release|x64.ActiveCfg = Release|Any CPU
		{5E34C6EA-E835-4223-A5DB-EDD87FE217F0}.Release|x64.Build.0 = Release|Any CPU
		{5E34C6EA-E835-4223-A5DB-EDD87FE217F0}.Release|x86.ActiveCfg = Release|Any CPU
		{5E34C6EA-E835-4223-A5DB-EDD87FE217F0}.Release|x86.Build.0 = Release|Any CPU
	EndGlobalSection
	GlobalSection(SolutionProperties) = preSolution
		HideSolutionNode = FALSE
	EndGlobalSection
	GlobalSection(NestedProjects) = preSolution
		{8A66C5FD-86AD-4705-AF0A-241F95F49C5C} = {0AB3BF05-4346-4AA6-1389-037BE0695223}
		{3A0C44EB-3B28-48F2-B930-AAE4BAB5E0DC} = {827E0CD3-B72D-47B6-A68D-7590B98EB39B}
		{1E7482A4-50AC-4E02-98A9-46AF94C104C7} = {827E0CD3-B72D-47B6-A68D-7590B98EB39B}
		{A6C6D406-C70D-48D4-8101-84D00199CCBB} = {827E0CD3-B72D-47B6-A68D-7590B98EB39B}
		{77704593-5017-4614-A955-C98D7B20A686} = {827E0CD3-B72D-47B6-A68D-7590B98EB39B}
		{1151B287-A154-49C1-BEFE-75348769224B} = {827E0CD3-B72D-47B6-A68D-7590B98EB39B}
		{25A63EDD-C9E6-4675-B5BC-1B21A34ED243} = {827E0CD3-B72D-47B6-A68D-7590B98EB39B}
		{5E34C6EA-E835-4223-A5DB-EDD87FE217F0} = {0AB3BF05-4346-4AA6-1389-037BE0695223}
	EndGlobalSection
EndGlobal
